<?xml version="1.0" encoding="utf-8"?>
<Project ToolsVersion="4.0" xmlns="http://schemas.microsoft.com/developer/msbuild/2003">
  <ItemGroup>
    <Filter Include="ii. CHV4DFORWARD">
      <UniqueIdentifier>{9f1691d0-ca56-45a4-9439-85aec6e09b27}</UniqueIdentifier>
    </Filter>
    <Filter Include="iii. CHV4DRESOURCE">
      <UniqueIdentifier>{89d99439-f332-40aa-abfe-2d18fdc2c5a4}</UniqueIdentifier>
    </Filter>
    <Filter Include="i. CHV4DZIP">
      <UniqueIdentifier>{de406dc2-4d4f-4489-be13-9fa4f325b73c}</UniqueIdentifier>
    </Filter>
    <Filter Include="iv. Zip Archive">
      <UniqueIdentifier>{442293b9-5898-4b1b-8073-79e7f75d1d39}</UniqueIdentifier>
    </Filter>
    <Filter Include="v. ZLib Compression">
      <UniqueIdentifier>{0c081598-ee8a-4e5e-85fe-9fa2de563a41}</UniqueIdentifier>
    </Filter>
    <Filter Include="v. ZLib Compression\00. CHV4DCOMPRESS">
      <UniqueIdentifier>{256858e3-8054-4bcf-b4bf-9786c4908846}</UniqueIdentifier>
    </Filter>
    <Filter Include="v. ZLib Compression\01. CHV4DDECOMPRESS">
      <UniqueIdentifier>{14bddd4a-94e8-4e5b-aadd-4a9fe4c949b7}</UniqueIdentifier>
    </Filter>
    <Filter Include="iv. Zip Archive\00. CHV4DARCHIVE">
      <UniqueIdentifier>{b9842794-4ca1-476a-8bdc-e0275e051490}</UniqueIdentifier>
    </Filter>
    <Filter Include="iv. Zip Archive\01. CHV4DHEADER">
      <UniqueIdentifier>{78d2d7e8-a7de-40f5-a010-3ef9895c1932}</UniqueIdentifier>
    </Filter>
    <Filter Include="iv. Zip Archive\03. CHV4DSTREAM">
      <UniqueIdentifier>{d0e22bf5-81f1-4a81-9f86-566335397460}</UniqueIdentifier>
    </Filter>
    <Filter Include="iv. Zip Archive\02. CHV4DAPPENDIX">
      <UniqueIdentifier>{195c6116-25d8-4202-986e-9f1bfa3ec086}</UniqueIdentifier>
    </Filter>
    <Filter Include="iv. Zip Archive\05. CHV4DRELEASE">
      <UniqueIdentifier>{926bcd2e-fd14-46ed-8915-2e737ff21833}</UniqueIdentifier>
    </Filter>
    <Filter Include="iv. Zip Archive\06. CHV4DDEFLATE">
      <UniqueIdentifier>{0b3bd382-882e-4006-b993-4ecd0fcbab8b}</UniqueIdentifier>
    </Filter>
    <Filter Include="iv. Zip Archive\07. CHV4DINFLATE">
      <UniqueIdentifier>{ad8979bb-0caf-4c61-a96e-3c19462aee08}</UniqueIdentifier>
    </Filter>
    <Filter Include="iv. Zip Archive\08. CHV4DHUFFMAN">
      <UniqueIdentifier>{629e6261-9943-4635-b16c-3501f00b8900}</UniqueIdentifier>
    </Filter>
    <Filter Include="iv. Zip Archive\04. CHV4DINSERT">
      <UniqueIdentifier>{b760176b-9b71-4a92-9ff8-5b7fdccb1041}</UniqueIdentifier>
    </Filter>
    <Filter Include="iv. Zip Archive\09. CHV4DLZSSPACK">
      <UniqueIdentifier>{8e6639a4-5031-4cb9-8c83-951f357cbba3}</UniqueIdentifier>
    </Filter>
  </ItemGroup>
  <ItemGroup>
    <ClCompile Include="CHV4DAPPENDIX.ixx">
      <Filter>iv. Zip Archive\02. CHV4DAPPENDIX</Filter>
    </ClCompile>
    <ClCompile Include="CHV4DAPPENDIX.cpp">
      <Filter>iv. Zip Archive\02. CHV4DAPPENDIX</Filter>
    </ClCompile>
    <ClCompile Include="CHV4DZIP.ixx">
      <Filter>i. CHV4DZIP</Filter>
    </ClCompile>
    <ClCompile Include="CHV4DFORWARD.ixx">
      <Filter>ii. CHV4DFORWARD</Filter>
    </ClCompile>
    <ClCompile Include="CHV4DRESOURCE.ixx">
      <Filter>iii. CHV4DRESOURCE</Filter>
    </ClCompile>
    <ClCompile Include="CHV4DCOMPRESS.ixx">
      <Filter>v. ZLib Compression\00. CHV4DCOMPRESS</Filter>
    </ClCompile>
    <ClCompile Include="CHV4DDECOMPRESS.ixx">
      <Filter>v. ZLib Compression\01. CHV4DDECOMPRESS</Filter>
    </ClCompile>
    <ClCompile Include="CHV4DCOMPRESS.cpp">
      <Filter>v. ZLib Compression\00. CHV4DCOMPRESS</Filter>
    </ClCompile>
    <ClCompile Include="CHV4DDECOMPRESS.cpp">
      <Filter>v. ZLib Compression\01. CHV4DDECOMPRESS</Filter>
    </ClCompile>
    <ClCompile Include="CHV4DARCHIVE.cpp">
      <Filter>iv. Zip Archive\00. CHV4DARCHIVE</Filter>
    </ClCompile>
    <ClCompile Include="CHV4DARCHIVE.ixx">
      <Filter>iv. Zip Archive\00. CHV4DARCHIVE</Filter>
    </ClCompile>
    <ClCompile Include="CHV4DRELEASE.ixx">
      <Filter>iv. Zip Archive\05. CHV4DRELEASE</Filter>
    </ClCompile>
    <ClCompile Include="CHV4DRELEASE.cpp">
      <Filter>iv. Zip Archive\05. CHV4DRELEASE</Filter>
    </ClCompile>
    <ClCompile Include="CHV4DDEFLATE.cpp">
      <Filter>iv. Zip Archive\06. CHV4DDEFLATE</Filter>
    </ClCompile>
    <ClCompile Include="CHV4DDEFLATE.ixx">
      <Filter>iv. Zip Archive\06. CHV4DDEFLATE</Filter>
    </ClCompile>
    <ClCompile Include="CHV4DHUFFMAN.cpp">
      <Filter>iv. Zip Archive\08. CHV4DHUFFMAN</Filter>
    </ClCompile>
    <ClCompile Include="CHV4DHUFFMAN.ixx">
      <Filter>iv. Zip Archive\08. CHV4DHUFFMAN</Filter>
    </ClCompile>
    <ClCompile Include="CHV4DINFLATE.cpp">
      <Filter>iv. Zip Archive\07. CHV4DINFLATE</Filter>
    </ClCompile>
    <ClCompile Include="CHV4DINFLATE.ixx">
      <Filter>iv. Zip Archive\07. CHV4DINFLATE</Filter>
    </ClCompile>
    <ClCompile Include="CHV4DSTREAM.cpp">
      <Filter>iv. Zip Archive\03. CHV4DSTREAM</Filter>
    </ClCompile>
    <ClCompile Include="CHV4DSTREAM.ixx">
      <Filter>iv. Zip Archive\03. CHV4DSTREAM</Filter>
    </ClCompile>
    <ClCompile Include="CHV4DHEADER.cpp">
      <Filter>iv. Zip Archive\01. CHV4DHEADER</Filter>
    </ClCompile>
    <ClCompile Include="CHV4DHEADER.ixx">
      <Filter>iv. Zip Archive\01. CHV4DHEADER</Filter>
    </ClCompile>
    <ClCompile Include="CHV4DLZSS.cpp">
      <Filter>iv. Zip Archive\09. CHV4DLZSSPACK</Filter>
    </ClCompile>
    <ClCompile Include="CHV4DLZSS.ixx">
      <Filter>iv. Zip Archive\09. CHV4DLZSSPACK</Filter>
    </ClCompile>
    <ClCompile Include="CHV4DINSERT.cpp">
      <Filter>iv. Zip Archive\04. CHV4DINSERT</Filter>
    </ClCompile>
    <ClCompile Include="CHV4DINSERT.ixx">
      <Filter>iv. Zip Archive\04. CHV4DINSERT</Filter>
    </ClCompile>
  </ItemGroup>
</Project>