
Microsoft Visual Studio Solution File, Format Version 12.00
# Visual Studio Version 17
VisualStudioVersion = 17.10.34804.81
MinimumVisualStudioVersion = 10.0.40219.1
Project("{8BC9CEB8-8B4A-11D0-8D11-00A0C91BC942}") = "CHV4DARCHIVE", "CHV4DARCHIVE\CHV4DARCHIVE.vcxproj", "{4668484C-9F2A-4F07-A56A-01C91295659D}"
EndProject
Project("{8BC9CEB8-8B4A-11D0-8D11-00A0C91BC942}") = "CHV4DBASE", "CHV4DBASE\CHV4DBASE.vcxproj", "{9A2A41BB-E8E2-4613-AF1E-1F4470A05687}"
EndProject
Project("{8BC9CEB8-8B4A-11D0-8D11-00A0C91BC942}") = "CHV4DDAE", "CHV4DDAE\CHV4DDAE.vcxproj", "{23CF4225-4571-47DD-8405-2DDBCD9B29BA}"
EndProject
Project("{8BC9CEB8-8B4A-11D0-8D11-00A0C91BC942}") = "CHV4DDOM", "CHV4DDOM\CHV4DDOM.vcxproj", "{D8DAF909-ABF3-4195-A97D-C3B3CB17710E}"
EndProject
Project("{8BC9CEB8-8B4A-11D0-8D11-00A0C91BC942}") = "CHV4DENCODE", "CHV4DENCODING\CHV4DENCODING.vcxproj", "{41B0407F-0200-4BAF-B00A-4FC7223CBE3D}"
EndProject
Project("{8BC9CEB8-8B4A-11D0-8D11-00A0C91BC942}") = "CHV4DNATIVE", "CHV4DNATIVE\CHV4DNATIVE.vcxproj", "{F87EC4C6-9713-4A7B-92D8-5F576717E1CB}"
EndProject
Project("{8BC9CEB8-8B4A-11D0-8D11-00A0C91BC942}") = "CHV4DOBJ", "CHV4DOBJ\CHV4DOBJ.vcxproj", "{34E2A848-9A39-4A62-AA9D-BD4381DA4D83}"
EndProject
Project("{8BC9CEB8-8B4A-11D0-8D11-00A0C91BC942}") = "CHV4DPNG", "CHV4DPNG\CHV4DPNG.vcxproj", "{3426036C-DD3E-4E4E-81F3-E781DEF153D3}"
EndProject
Project("{8BC9CEB8-8B4A-11D0-8D11-00A0C91BC942}") = "CHV4DQIF", "CHV4DQIF\CHV4DQIF.vcxproj", "{3F32465C-7614-4178-A8E4-4A7821F908E3}"
EndProject
Project("{8BC9CEB8-8B4A-11D0-8D11-00A0C91BC942}") = "CHV4DTBASIC", "CHV4DTBASIC\CHV4DTBASIC.vcxproj", "{4A015CDF-FC61-4537-90A7-EEF923D07AB1}"
EndProject
Project("{8BC9CEB8-8B4A-11D0-8D11-00A0C91BC942}") = "CHV4DTENSOR", "CHV4DTENSOR\CHV4DTENSOR.vcxproj", "{BB01A3B0-79F6-4A9C-BC53-6E09A249DABC}"
EndProject
Project("{8BC9CEB8-8B4A-11D0-8D11-00A0C91BC942}") = "CHV4DTURI", "CHV4DTURI\CHV4DTURI.vcxproj", "{F35F4D84-2785-48F5-AE48-848530A56BCD}"
EndProject
Project("{8BC9CEB8-8B4A-11D0-8D11-00A0C91BC942}") = "CHV4DZIP", "CHV4DZIP\NativeZip.vcxproj", "{7E858207-CD1E-4B08-9EC0-E3EEDCAE1E7E}"
EndProject
Global
	GlobalSection(SolutionConfigurationPlatforms) = preSolution
		Debug|x64 = Debug|x64
		Debug|x86 = Debug|x86
		Release|x64 = Release|x64
		Release|x86 = Release|x86
	EndGlobalSection
	GlobalSection(ProjectConfigurationPlatforms) = postSolution
		{4668484C-9F2A-4F07-A56A-01C91295659D}.Debug|x64.ActiveCfg = Debug|x64
		{4668484C-9F2A-4F07-A56A-01C91295659D}.Debug|x64.Build.0 = Debug|x64
		{4668484C-9F2A-4F07-A56A-01C91295659D}.Debug|x86.ActiveCfg = Debug|Win32
		{4668484C-9F2A-4F07-A56A-01C91295659D}.Debug|x86.Build.0 = Debug|Win32
		{4668484C-9F2A-4F07-A56A-01C91295659D}.Release|x64.ActiveCfg = Release|x64
		{4668484C-9F2A-4F07-A56A-01C91295659D}.Release|x64.Build.0 = Release|x64
		{4668484C-9F2A-4F07-A56A-01C91295659D}.Release|x86.ActiveCfg = Release|Win32
		{4668484C-9F2A-4F07-A56A-01C91295659D}.Release|x86.Build.0 = Release|Win32
		{9A2A41BB-E8E2-4613-AF1E-1F4470A05687}.Debug|x64.ActiveCfg = Debug|x64
		{9A2A41BB-E8E2-4613-AF1E-1F4470A05687}.Debug|x64.Build.0 = Debug|x64
		{9A2A41BB-E8E2-4613-AF1E-1F4470A05687}.Debug|x86.ActiveCfg = Debug|Win32
		{9A2A41BB-E8E2-4613-AF1E-1F4470A05687}.Debug|x86.Build.0 = Debug|Win32
		{9A2A41BB-E8E2-4613-AF1E-1F4470A05687}.Release|x64.ActiveCfg = Release|x64
		{9A2A41BB-E8E2-4613-AF1E-1F4470A05687}.Release|x64.Build.0 = Release|x64
		{9A2A41BB-E8E2-4613-AF1E-1F4470A05687}.Release|x86.ActiveCfg = Release|Win32
		{9A2A41BB-E8E2-4613-AF1E-1F4470A05687}.Release|x86.Build.0 = Release|Win32
		{23CF4225-4571-47DD-8405-2DDBCD9B29BA}.Debug|x64.ActiveCfg = Debug|x64
		{23CF4225-4571-47DD-8405-2DDBCD9B29BA}.Debug|x64.Build.0 = Debug|x64
		{23CF4225-4571-47DD-8405-2DDBCD9B29BA}.Debug|x86.ActiveCfg = Debug|Win32
		{23CF4225-4571-47DD-8405-2DDBCD9B29BA}.Debug|x86.Build.0 = Debug|Win32
		{23CF4225-4571-47DD-8405-2DDBCD9B29BA}.Release|x64.ActiveCfg = Release|x64
		{23CF4225-4571-47DD-8405-2DDBCD9B29BA}.Release|x64.Build.0 = Release|x64
		{23CF4225-4571-47DD-8405-2DDBCD9B29BA}.Release|x86.ActiveCfg = Release|Win32
		{23CF4225-4571-47DD-8405-2DDBCD9B29BA}.Release|x86.Build.0 = Release|Win32
		{D8DAF909-ABF3-4195-A97D-C3B3CB17710E}.Debug|x64.ActiveCfg = Debug|x64
		{D8DAF909-ABF3-4195-A97D-C3B3CB17710E}.Debug|x64.Build.0 = Debug|x64
		{D8DAF909-ABF3-4195-A97D-C3B3CB17710E}.Debug|x86.ActiveCfg = Debug|Win32
		{D8DAF909-ABF3-4195-A97D-C3B3CB17710E}.Debug|x86.Build.0 = Debug|Win32
		{D8DAF909-ABF3-4195-A97D-C3B3CB17710E}.Release|x64.ActiveCfg = Release|x64
		{D8DAF909-ABF3-4195-A97D-C3B3CB17710E}.Release|x64.Build.0 = Release|x64
		{D8DAF909-ABF3-4195-A97D-C3B3CB17710E}.Release|x86.ActiveCfg = Release|Win32
		{D8DAF909-ABF3-4195-A97D-C3B3CB17710E}.Release|x86.Build.0 = Release|Win32
		{41B0407F-0200-4BAF-B00A-4FC7223CBE3D}.Debug|x64.ActiveCfg = Debug|x64
		{41B0407F-0200-4BAF-B00A-4FC7223CBE3D}.Debug|x64.Build.0 = Debug|x64
		{41B0407F-0200-4BAF-B00A-4FC7223CBE3D}.Debug|x86.ActiveCfg = Debug|Win32
		{41B0407F-0200-4BAF-B00A-4FC7223CBE3D}.Debug|x86.Build.0 = Debug|Win32
		{41B0407F-0200-4BAF-B00A-4FC7223CBE3D}.Release|x64.ActiveCfg = Release|x64
		{41B0407F-0200-4BAF-B00A-4FC7223CBE3D}.Release|x64.Build.0 = Release|x64
		{41B0407F-0200-4BAF-B00A-4FC7223CBE3D}.Release|x86.ActiveCfg = Release|Win32
		{41B0407F-0200-4BAF-B00A-4FC7223CBE3D}.Release|x86.Build.0 = Release|Win32
		{F87EC4C6-9713-4A7B-92D8-5F576717E1CB}.Debug|x64.ActiveCfg = Debug|x64
		{F87EC4C6-9713-4A7B-92D8-5F576717E1CB}.Debug|x64.Build.0 = Debug|x64
		{F87EC4C6-9713-4A7B-92D8-5F576717E1CB}.Debug|x86.ActiveCfg = Debug|Win32
		{F87EC4C6-9713-4A7B-92D8-5F576717E1CB}.Debug|x86.Build.0 = Debug|Win32
		{F87EC4C6-9713-4A7B-92D8-5F576717E1CB}.Release|x64.ActiveCfg = Release|x64
		{F87EC4C6-9713-4A7B-92D8-5F576717E1CB}.Release|x64.Build.0 = Release|x64
		{F87EC4C6-9713-4A7B-92D8-5F576717E1CB}.Release|x86.ActiveCfg = Release|Win32
		{F87EC4C6-9713-4A7B-92D8-5F576717E1CB}.Release|x86.Build.0 = Release|Win32
		{34E2A848-9A39-4A62-AA9D-BD4381DA4D83}.Debug|x64.ActiveCfg = Debug|x64
		{34E2A848-9A39-4A62-AA9D-BD4381DA4D83}.Debug|x64.Build.0 = Debug|x64
		{34E2A848-9A39-4A62-AA9D-BD4381DA4D83}.Debug|x86.ActiveCfg = Debug|Win32
		{34E2A848-9A39-4A62-AA9D-BD4381DA4D83}.Debug|x86.Build.0 = Debug|Win32
		{34E2A848-9A39-4A62-AA9D-BD4381DA4D83}.Release|x64.ActiveCfg = Release|x64
		{34E2A848-9A39-4A62-AA9D-BD4381DA4D83}.Release|x64.Build.0 = Release|x64
		{34E2A848-9A39-4A62-AA9D-BD4381DA4D83}.Release|x86.ActiveCfg = Release|Win32
		{34E2A848-9A39-4A62-AA9D-BD4381DA4D83}.Release|x86.Build.0 = Release|Win32
		{3426036C-DD3E-4E4E-81F3-E781DEF153D3}.Debug|x64.ActiveCfg = Debug|x64
		{3426036C-DD3E-4E4E-81F3-E781DEF153D3}.Debug|x64.Build.0 = Debug|x64
		{3426036C-DD3E-4E4E-81F3-E781DEF153D3}.Debug|x86.ActiveCfg = Debug|Win32
		{3426036C-DD3E-4E4E-81F3-E781DEF153D3}.Debug|x86.Build.0 = Debug|Win32
		{3426036C-DD3E-4E4E-81F3-E781DEF153D3}.Release|x64.ActiveCfg = Release|x64
		{3426036C-DD3E-4E4E-81F3-E781DEF153D3}.Release|x64.Build.0 = Release|x64
		{3426036C-DD3E-4E4E-81F3-E781DEF153D3}.Release|x86.ActiveCfg = Release|Win32
		{3426036C-DD3E-4E4E-81F3-E781DEF153D3}.Release|x86.Build.0 = Release|Win32
		{3F32465C-7614-4178-A8E4-4A7821F908E3}.Debug|x64.ActiveCfg = Debug|x64
		{3F32465C-7614-4178-A8E4-4A7821F908E3}.Debug|x64.Build.0 = Debug|x64
		{3F32465C-7614-4178-A8E4-4A7821F908E3}.Debug|x86.ActiveCfg = Debug|Win32
		{3F32465C-7614-4178-A8E4-4A7821F908E3}.Debug|x86.Build.0 = Debug|Win32
		{3F32465C-7614-4178-A8E4-4A7821F908E3}.Release|x64.ActiveCfg = Release|x64
		{3F32465C-7614-4178-A8E4-4A7821F908E3}.Release|x64.Build.0 = Release|x64
		{3F32465C-7614-4178-A8E4-4A7821F908E3}.Release|x86.ActiveCfg = Release|Win32
		{3F32465C-7614-4178-A8E4-4A7821F908E3}.Release|x86.Build.0 = Release|Win32
		{4A015CDF-FC61-4537-90A7-EEF923D07AB1}.Debug|x64.ActiveCfg = Debug|x64
		{4A015CDF-FC61-4537-90A7-EEF923D07AB1}.Debug|x64.Build.0 = Debug|x64
		{4A015CDF-FC61-4537-90A7-EEF923D07AB1}.Debug|x86.ActiveCfg = Debug|Win32
		{4A015CDF-FC61-4537-90A7-EEF923D07AB1}.Debug|x86.Build.0 = Debug|Win32
		{4A015CDF-FC61-4537-90A7-EEF923D07AB1}.Release|x64.ActiveCfg = Release|x64
		{4A015CDF-FC61-4537-90A7-EEF923D07AB1}.Release|x64.Build.0 = Release|x64
		{4A015CDF-FC61-4537-90A7-EEF923D07AB1}.Release|x86.ActiveCfg = Release|Win32
		{4A015CDF-FC61-4537-90A7-EEF923D07AB1}.Release|x86.Build.0 = Release|Win32
		{BB01A3B0-79F6-4A9C-BC53-6E09A249DABC}.Debug|x64.ActiveCfg = Debug|x64
		{BB01A3B0-79F6-4A9C-BC53-6E09A249DABC}.Debug|x64.Build.0 = Debug|x64
		{BB01A3B0-79F6-4A9C-BC53-6E09A249DABC}.Debug|x86.ActiveCfg = Debug|Win32
		{BB01A3B0-79F6-4A9C-BC53-6E09A249DABC}.Debug|x86.Build.0 = Debug|Win32
		{BB01A3B0-79F6-4A9C-BC53-6E09A249DABC}.Release|x64.ActiveCfg = Release|x64
		{BB01A3B0-79F6-4A9C-BC53-6E09A249DABC}.Release|x64.Build.0 = Release|x64
		{BB01A3B0-79F6-4A9C-BC53-6E09A249DABC}.Release|x86.ActiveCfg = Release|Win32
		{BB01A3B0-79F6-4A9C-BC53-6E09A249DABC}.Release|x86.Build.0 = Release|Win32
		{F35F4D84-2785-48F5-AE48-848530A56BCD}.Debug|x64.ActiveCfg = Debug|x64
		{F35F4D84-2785-48F5-AE48-848530A56BCD}.Debug|x64.Build.0 = Debug|x64
		{F35F4D84-2785-48F5-AE48-848530A56BCD}.Debug|x86.ActiveCfg = Debug|Win32
		{F35F4D84-2785-48F5-AE48-848530A56BCD}.Debug|x86.Build.0 = Debug|Win32
		{F35F4D84-2785-48F5-AE48-848530A56BCD}.Release|x64.ActiveCfg = Release|x64
		{F35F4D84-2785-48F5-AE48-848530A56BCD}.Release|x64.Build.0 = Release|x64
		{F35F4D84-2785-48F5-AE48-848530A56BCD}.Release|x86.ActiveCfg = Release|Win32
		{F35F4D84-2785-48F5-AE48-848530A56BCD}.Release|x86.Build.0 = Release|Win32
		{7E858207-CD1E-4B08-9EC0-E3EEDCAE1E7E}.Debug|x64.ActiveCfg = Debug|x64
		{7E858207-CD1E-4B08-9EC0-E3EEDCAE1E7E}.Debug|x64.Build.0 = Debug|x64
		{7E858207-CD1E-4B08-9EC0-E3EEDCAE1E7E}.Debug|x86.ActiveCfg = Debug|Win32
		{7E858207-CD1E-4B08-9EC0-E3EEDCAE1E7E}.Debug|x86.Build.0 = Debug|Win32
		{7E858207-CD1E-4B08-9EC0-E3EEDCAE1E7E}.Release|x64.ActiveCfg = Release|x64
		{7E858207-CD1E-4B08-9EC0-E3EEDCAE1E7E}.Release|x64.Build.0 = Release|x64
		{7E858207-CD1E-4B08-9EC0-E3EEDCAE1E7E}.Release|x86.ActiveCfg = Release|Win32
		{7E858207-CD1E-4B08-9EC0-E3EEDCAE1E7E}.Release|x86.Build.0 = Release|Win32
	EndGlobalSection
	GlobalSection(SolutionProperties) = preSolution
		HideSolutionNode = FALSE
	EndGlobalSection
	GlobalSection(ExtensibilityGlobals) = postSolution
		SolutionGuid = {F1964820-88B3-43E4-A540-EE9DD73D3791}
	EndGlobalSection
EndGlobal
