
Microsoft Visual Studio Solution File, Format Version 12.00
# Visual Studio Version 17
VisualStudioVersion = 17.10.34902.84
MinimumVisualStudioVersion = 10.0.40219.1
Project("{8BC9CEB8-8B4A-11D0-8D11-00A0C91BC942}") = "CHV4DARCHIVE", "CHV4DARCHIVE\CHV4DARCHIVE.vcxproj", "{4668484C-9F2A-4F07-A56A-01C91295659D}"
EndProject
Project("{8BC9CEB8-8B4A-11D0-8D11-00A0C91BC942}") = "CHV4DBASE", "CHV4DBASE\CHV4DBASE.vcxproj", "{9A2A41BB-E8E2-4613-AF1E-1F4470A05687}"
EndProject
Project("{8BC9CEB8-8B4A-11D0-8D11-00A0C91BC942}") = "CHV4DDOM", "CHV4DDOM\CHV4DDOM.vcxproj", "{D8DAF909-ABF3-4195-A97D-C3B3CB17710E}"
EndProject
Project("{8BC9CEB8-8B4A-11D0-8D11-00A0C91BC942}") = "CHV4DENCODE", "CHV4DENCODING\CHV4DENCODING.vcxproj", "{41B0407F-0200-4BAF-B00A-4FC7223CBE3D}"
EndProject
Project("{8BC9CEB8-8B4A-11D0-8D11-00A0C91BC942}") = "CHV4DFILE", "CHV4DFILE\CHV4DFILE.vcxproj", "{582E9296-5075-4EF0-8DE0-17AEC58409C6}"
EndProject
Project("{8BC9CEB8-8B4A-11D0-8D11-00A0C91BC942}") = "CHV4DTBASIC", "CHV4DTBASIC\CHV4DTBASIC.vcxproj", "{4A015CDF-FC61-4537-90A7-EEF923D07AB1}"
EndProject
Project("{8BC9CEB8-8B4A-11D0-8D11-00A0C91BC942}") = "CHV4DTENSOR", "CHV4DTENSOR\CHV4DTENSOR.vcxproj", "{BB01A3B0-79F6-4A9C-BC53-6E09A249DABC}"
EndProject
Project("{8BC9CEB8-8B4A-11D0-8D11-00A0C91BC942}") = "CHV4DTURI", "CHV4DTURI\CHV4DTURI.vcxproj", "{F35F4D84-2785-48F5-AE48-848530A56BCD}"
EndProject
Global
	GlobalSection(SolutionConfigurationPlatforms) = preSolution
		Debug|x64 = Debug|x64
		Debug|x86 = Debug|x86
		Release|x64 = Release|x64
		Release|x86 = Release|x86
	EndGlobalSection
	GlobalSection(ProjectConfigurationPlatforms) = postSolution
		{4668484C-9F2A-4F07-A56A-01C91295659D}.Debug|x64.ActiveCfg = Debug|x64
		{4668484C-9F2A-4F07-A56A-01C91295659D}.Debug|x64.Build.0 = Debug|x64
		{4668484C-9F2A-4F07-A56A-01C91295659D}.Debug|x86.ActiveCfg = Debug|Win32
		{4668484C-9F2A-4F07-A56A-01C91295659D}.Debug|x86.Build.0 = Debug|Win32
		{4668484C-9F2A-4F07-A56A-01C91295659D}.Release|x64.ActiveCfg = Release|x64
		{4668484C-9F2A-4F07-A56A-01C91295659D}.Release|x64.Build.0 = Release|x64
		{4668484C-9F2A-4F07-A56A-01C91295659D}.Release|x86.ActiveCfg = Release|Win32
		{4668484C-9F2A-4F07-A56A-01C91295659D}.Release|x86.Build.0 = Release|Win32
		{9A2A41BB-E8E2-4613-AF1E-1F4470A05687}.Debug|x64.ActiveCfg = Debug|x64
		{9A2A41BB-E8E2-4613-AF1E-1F4470A05687}.Debug|x64.Build.0 = Debug|x64
		{9A2A41BB-E8E2-4613-AF1E-1F4470A05687}.Debug|x86.ActiveCfg = Debug|Win32
		{9A2A41BB-E8E2-4613-AF1E-1F4470A05687}.Debug|x86.Build.0 = Debug|Win32
		{9A2A41BB-E8E2-4613-AF1E-1F4470A05687}.Release|x64.ActiveCfg = Release|x64
		{9A2A41BB-E8E2-4613-AF1E-1F4470A05687}.Release|x64.Build.0 = Release|x64
		{9A2A41BB-E8E2-4613-AF1E-1F4470A05687}.Release|x86.ActiveCfg = Release|Win32
		{9A2A41BB-E8E2-4613-AF1E-1F4470A05687}.Release|x86.Build.0 = Release|Win32
		{D8DAF909-ABF3-4195-A97D-C3B3CB17710E}.Debug|x64.ActiveCfg = Debug|x64
		{D8DAF909-ABF3-4195-A97D-C3B3CB17710E}.Debug|x64.Build.0 = Debug|x64
		{D8DAF909-ABF3-4195-A97D-C3B3CB17710E}.Debug|x86.ActiveCfg = Debug|Win32
		{D8DAF909-ABF3-4195-A97D-C3B3CB17710E}.Debug|x86.Build.0 = Debug|Win32
		{D8DAF909-ABF3-4195-A97D-C3B3CB17710E}.Release|x64.ActiveCfg = Release|x64
		{D8DAF909-ABF3-4195-A97D-C3B3CB17710E}.Release|x64.Build.0 = Release|x64
		{D8DAF909-ABF3-4195-A97D-C3B3CB17710E}.Release|x86.ActiveCfg = Release|Win32
		{D8DAF909-ABF3-4195-A97D-C3B3CB17710E}.Release|x86.Build.0 = Release|Win32
		{41B0407F-0200-4BAF-B00A-4FC7223CBE3D}.Debug|x64.ActiveCfg = Debug|x64
		{41B0407F-0200-4BAF-B00A-4FC7223CBE3D}.Debug|x64.Build.0 = Debug|x64
		{41B0407F-0200-4BAF-B00A-4FC7223CBE3D}.Debug|x86.ActiveCfg = Debug|Win32
		{41B0407F-0200-4BAF-B00A-4FC7223CBE3D}.Debug|x86.Build.0 = Debug|Win32
		{41B0407F-0200-4BAF-B00A-4FC7223CBE3D}.Release|x64.ActiveCfg = Release|x64
		{41B0407F-0200-4BAF-B00A-4FC7223CBE3D}.Release|x64.Build.0 = Release|x64
		{41B0407F-0200-4BAF-B00A-4FC7223CBE3D}.Release|x86.ActiveCfg = Release|Win32
		{41B0407F-0200-4BAF-B00A-4FC7223CBE3D}.Release|x86.Build.0 = Release|Win32
		{582E9296-5075-4EF0-8DE0-17AEC58409C6}.Debug|x64.ActiveCfg = Debug|x64
		{582E9296-5075-4EF0-8DE0-17AEC58409C6}.Debug|x64.Build.0 = Debug|x64
		{582E9296-5075-4EF0-8DE0-17AEC58409C6}.Debug|x86.ActiveCfg = Debug|Win32
		{582E9296-5075-4EF0-8DE0-17AEC58409C6}.Debug|x86.Build.0 = Debug|Win32
		{582E9296-5075-4EF0-8DE0-17AEC58409C6}.Release|x64.ActiveCfg = Release|x64
		{582E9296-5075-4EF0-8DE0-17AEC58409C6}.Release|x64.Build.0 = Release|x64
		{582E9296-5075-4EF0-8DE0-17AEC58409C6}.Release|x86.ActiveCfg = Release|Win32
		{582E9296-5075-4EF0-8DE0-17AEC58409C6}.Release|x86.Build.0 = Release|Win32
		{4A015CDF-FC61-4537-90A7-EEF923D07AB1}.Debug|x64.ActiveCfg = Debug|x64
		{4A015CDF-FC61-4537-90A7-EEF923D07AB1}.Debug|x64.Build.0 = Debug|x64
		{4A015CDF-FC61-4537-90A7-EEF923D07AB1}.Debug|x86.ActiveCfg = Debug|Win32
		{4A015CDF-FC61-4537-90A7-EEF923D07AB1}.Debug|x86.Build.0 = Debug|Win32
		{4A015CDF-FC61-4537-90A7-EEF923D07AB1}.Release|x64.ActiveCfg = Release|x64
		{4A015CDF-FC61-4537-90A7-EEF923D07AB1}.Release|x64.Build.0 = Release|x64
		{4A015CDF-FC61-4537-90A7-EEF923D07AB1}.Release|x86.ActiveCfg = Release|Win32
		{4A015CDF-FC61-4537-90A7-EEF923D07AB1}.Release|x86.Build.0 = Release|Win32
		{BB01A3B0-79F6-4A9C-BC53-6E09A249DABC}.Debug|x64.ActiveCfg = Debug|x64
		{BB01A3B0-79F6-4A9C-BC53-6E09A249DABC}.Debug|x64.Build.0 = Debug|x64
		{BB01A3B0-79F6-4A9C-BC53-6E09A249DABC}.Debug|x86.ActiveCfg = Debug|Win32
		{BB01A3B0-79F6-4A9C-BC53-6E09A249DABC}.Debug|x86.Build.0 = Debug|Win32
		{BB01A3B0-79F6-4A9C-BC53-6E09A249DABC}.Release|x64.ActiveCfg = Release|x64
		{BB01A3B0-79F6-4A9C-BC53-6E09A249DABC}.Release|x64.Build.0 = Release|x64
		{BB01A3B0-79F6-4A9C-BC53-6E09A249DABC}.Release|x86.ActiveCfg = Release|Win32
		{BB01A3B0-79F6-4A9C-BC53-6E09A249DABC}.Release|x86.Build.0 = Release|Win32
		{F35F4D84-2785-48F5-AE48-848530A56BCD}.Debug|x64.ActiveCfg = Debug|x64
		{F35F4D84-2785-48F5-AE48-848530A56BCD}.Debug|x64.Build.0 = Debug|x64
		{F35F4D84-2785-48F5-AE48-848530A56BCD}.Debug|x86.ActiveCfg = Debug|Win32
		{F35F4D84-2785-48F5-AE48-848530A56BCD}.Debug|x86.Build.0 = Debug|Win32
		{F35F4D84-2785-48F5-AE48-848530A56BCD}.Release|x64.ActiveCfg = Release|x64
		{F35F4D84-2785-48F5-AE48-848530A56BCD}.Release|x64.Build.0 = Release|x64
		{F35F4D84-2785-48F5-AE48-848530A56BCD}.Release|x86.ActiveCfg = Release|Win32
		{F35F4D84-2785-48F5-AE48-848530A56BCD}.Release|x86.Build.0 = Release|Win32
	EndGlobalSection
	GlobalSection(SolutionProperties) = preSolution
		HideSolutionNode = FALSE
	EndGlobalSection
	GlobalSection(ExtensibilityGlobals) = postSolution
		SolutionGuid = {A3FB47A5-E460-4459-9237-FC4786A82F63}
	EndGlobalSection
EndGlobal
