<?xml version="1.0" encoding="utf-8"?>
<Project ToolsVersion="4.0" xmlns="http://schemas.microsoft.com/developer/msbuild/2003">
  <ItemGroup>
    <Filter Include="iii. CHV4DRESOURCE">
      <UniqueIdentifier>{67DA6AB6-F800-4c08-8B7A-83BB121AAD01}</UniqueIdentifier>
      <Extensions>rc;ico;cur;bmp;dlg;rc2;rct;bin;rgs;gif;jpg;jpeg;jpe;resx;tiff;tif;png;wav;mfcribbon-ms</Extensions>
    </Filter>
    <Filter Include="ii. CHV4DFORWARD">
      <UniqueIdentifier>{23b8ef68-ff7a-44e8-9b36-dc535f85071c}</UniqueIdentifier>
    </Filter>
    <Filter Include="i. CHV4DNATIVE">
      <UniqueIdentifier>{93995380-89BD-4b04-88EB-625FBE52EBFB}</UniqueIdentifier>
      <Extensions>h;hh;hpp;hxx;h++;hm;inl;inc;ipp;xsd</Extensions>
    </Filter>
    <Filter Include="iv. CAD">
      <UniqueIdentifier>{8808e9cc-bd50-4c27-b174-9397bc000b15}</UniqueIdentifier>
    </Filter>
    <Filter Include="iv. CAD\01. Kernel">
      <UniqueIdentifier>{7bbe067f-ded0-4679-bd67-3b543cc80d6d}</UniqueIdentifier>
    </Filter>
    <Filter Include="iv. CAD\02. Master">
      <UniqueIdentifier>{559fd242-2cf9-4601-a27f-ecd269c60ebf}</UniqueIdentifier>
    </Filter>
    <Filter Include="iv. CAD\02. Master\00. CHV4DENTERPRISE">
      <UniqueIdentifier>{82cfe1b1-6498-416d-87bb-6dbdd10ea20f}</UniqueIdentifier>
    </Filter>
    <Filter Include="iv. CAD\02. Master\02. CHV4DPRODUCT">
      <UniqueIdentifier>{5aad1ddb-e5b9-4306-b0a6-9d36ba408a34}</UniqueIdentifier>
    </Filter>
    <Filter Include="iv. CAD\02. Master\01. CHV4DACCOUNT">
      <UniqueIdentifier>{81e31639-e8f0-46e1-b579-1f888efd3a68}</UniqueIdentifier>
    </Filter>
    <Filter Include="iv. CAD\03. Interchange">
      <UniqueIdentifier>{476f120a-686f-4a94-906c-eb340c0aca8b}</UniqueIdentifier>
    </Filter>
    <Filter Include="iv. CAD\04. Catalog">
      <UniqueIdentifier>{3dbc5485-4901-4b5d-8f64-a93fcd141571}</UniqueIdentifier>
    </Filter>
    <Filter Include="iv. CAD\05. Container">
      <UniqueIdentifier>{890e87c4-d2be-4700-abd0-47074f5c862b}</UniqueIdentifier>
    </Filter>
    <Filter Include="iv. CAD\05. Container\00. CHV4DWORLDTREE">
      <UniqueIdentifier>{f06abfe9-9235-4c71-8ceb-5de9732d2d56}</UniqueIdentifier>
    </Filter>
    <Filter Include="iv. CAD\05. Container\01. CHV4DGROUP">
      <UniqueIdentifier>{78b408d5-917f-4c8a-be65-6787646f6715}</UniqueIdentifier>
    </Filter>
    <Filter Include="iv. CAD\05. Container\02. CHV4DHANDLE">
      <UniqueIdentifier>{46daae63-ac24-4cc8-9b63-c2e5969f6d43}</UniqueIdentifier>
    </Filter>
    <Filter Include="iv. CAD\06. Geometry">
      <UniqueIdentifier>{3b2f8b42-9482-4c40-909a-2fee47be64a8}</UniqueIdentifier>
    </Filter>
    <Filter Include="iv. CAD\06. Geometry\00. CHV4DGEOMETRY">
      <UniqueIdentifier>{f59ae011-e97a-4fed-b854-5bacab65f3e7}</UniqueIdentifier>
    </Filter>
    <Filter Include="iv. CAD\06. Geometry\00. CHV4DGEOMETRY\0. CHV4DCIRCLE">
      <UniqueIdentifier>{eee52232-c6a8-4146-82e1-f17408000e19}</UniqueIdentifier>
    </Filter>
    <Filter Include="iv. CAD\06. Geometry\00. CHV4DGEOMETRY\1. CHV4DARC">
      <UniqueIdentifier>{b28c8806-ffa5-4048-9915-d0dfb77a2c1e}</UniqueIdentifier>
    </Filter>
    <Filter Include="iv. CAD\06. Geometry\00. CHV4DGEOMETRY\2. CHV4DCONE">
      <UniqueIdentifier>{c0501eb6-3934-418c-9008-e05f41f12ff7}</UniqueIdentifier>
    </Filter>
    <Filter Include="iv. CAD\06. Geometry\00. CHV4DGEOMETRY\3. CHV4DCONONICAL">
      <UniqueIdentifier>{0ea4321b-5c2b-4371-be36-333b1d308768}</UniqueIdentifier>
    </Filter>
    <Filter Include="iv. CAD\06. Geometry\00. CHV4DGEOMETRY\4. CHV4DCYLINDER">
      <UniqueIdentifier>{46c46af7-a6ec-4af9-a185-5d2b2856aa05}</UniqueIdentifier>
    </Filter>
    <Filter Include="iv. CAD\06. Geometry\00. CHV4DGEOMETRY\5. CHV4DCYLINDRICAL">
      <UniqueIdentifier>{5fc7859f-9715-460c-b856-ea3023d33358}</UniqueIdentifier>
    </Filter>
    <Filter Include="iv. CAD\06. Geometry\00. CHV4DGEOMETRY\6. CHV4DEDGEPOINT">
      <UniqueIdentifier>{0ee8406b-3fcc-460d-9c52-7b0de94cb22b}</UniqueIdentifier>
    </Filter>
    <Filter Include="iv. CAD\06. Geometry\00. CHV4DGEOMETRY\7. CHV4DELIPSE">
      <UniqueIdentifier>{46a296b0-6bad-4701-873c-4ca925fa60d8}</UniqueIdentifier>
    </Filter>
    <Filter Include="iv. CAD\06. Geometry\00. CHV4DGEOMETRY\8. CHV4DELIPTICAL">
      <UniqueIdentifier>{028690f0-6b62-4ea7-a873-bb8f6151447e}</UniqueIdentifier>
    </Filter>
    <Filter Include="iv. CAD\06. Geometry\00. CHV4DGEOMETRY\9. CHV4DOBLOCIRCLE">
      <UniqueIdentifier>{874f3c14-b80c-4839-8c45-33ca3044d041}</UniqueIdentifier>
    </Filter>
    <Filter Include="iv. CAD\06. Geometry\00. CHV4DGEOMETRY\10. CHV4DOBLOCYLINDER">
      <UniqueIdentifier>{7dbf106e-8061-447f-a987-d5a9f6353892}</UniqueIdentifier>
    </Filter>
    <Filter Include="iv. CAD\06. Geometry\00. CHV4DGEOMETRY\11. CHV4DEXTRUDED">
      <UniqueIdentifier>{1de78ede-2c5b-40fd-904c-33a83d4e3462}</UniqueIdentifier>
    </Filter>
    <Filter Include="iv. CAD\06. Geometry\00. CHV4DGEOMETRY\12. CHV4DGENERIC">
      <UniqueIdentifier>{5aff2cd6-1d03-445a-a9b9-215102726f7c}</UniqueIdentifier>
    </Filter>
    <Filter Include="iv. CAD\06. Geometry\00. CHV4DGEOMETRY\13. CHV4DGROUP">
      <UniqueIdentifier>{4c51e9b3-d972-49de-8445-563d9e68a0e8}</UniqueIdentifier>
    </Filter>
    <Filter Include="iv. CAD\06. Geometry\00. CHV4DGEOMETRY\14. CHV4DPATTERN">
      <UniqueIdentifier>{2d72b048-f01e-48b8-85ee-635dde7587df}</UniqueIdentifier>
    </Filter>
    <Filter Include="iv. CAD\06. Geometry\00. CHV4DGEOMETRY\15. CHV4DANGLELINES">
      <UniqueIdentifier>{f66ad39b-ceb7-4fcf-bed0-1e09c5110730}</UniqueIdentifier>
    </Filter>
    <Filter Include="iv. CAD\06. Geometry\00. CHV4DGEOMETRY\16. CHV4DANGLEPLANES">
      <UniqueIdentifier>{3be9373a-9f2c-432b-9c53-5a710d1ad636}</UniqueIdentifier>
    </Filter>
    <Filter Include="iv. CAD\06. Geometry\00. CHV4DGEOMETRY\17. CHV4DPARALLELLINES">
      <UniqueIdentifier>{1740d405-e53a-47a0-a271-c69aa1576292}</UniqueIdentifier>
    </Filter>
    <Filter Include="iv. CAD\06. Geometry\00. CHV4DGEOMETRY\18. CHV4DPARALLELPLANES">
      <UniqueIdentifier>{f91e24e3-1b96-4f3c-a844-f0ef7d10930e}</UniqueIdentifier>
    </Filter>
    <Filter Include="iv. CAD\06. Geometry\00. CHV4DGEOMETRY\19. CHV4DCURVE">
      <UniqueIdentifier>{37d7542e-fb0f-4c54-be35-c80ecc2eb993}</UniqueIdentifier>
    </Filter>
    <Filter Include="iv. CAD\06. Geometry\00. CHV4DGEOMETRY\20. CHV4DSHAPE">
      <UniqueIdentifier>{ffbcdf14-8488-4dd1-a0b9-d35b0487fba3}</UniqueIdentifier>
    </Filter>
    <Filter Include="iv. CAD\06. Geometry\00. CHV4DGEOMETRY\21. CHV4D2CELL">
      <UniqueIdentifier>{843545ab-a3f5-449e-9f3f-6138893b0076}</UniqueIdentifier>
    </Filter>
    <Filter Include="iv. CAD\06. Geometry\00. CHV4DGEOMETRY\22. CHV4DPLANE">
      <UniqueIdentifier>{2a688019-143e-4c99-871d-a215461be465}</UniqueIdentifier>
    </Filter>
    <Filter Include="iv. CAD\06. Geometry\00. CHV4DGEOMETRY\23. CHV4DPOINT">
      <UniqueIdentifier>{b45cbc13-df6b-4036-8e05-c28325381258}</UniqueIdentifier>
    </Filter>
    <Filter Include="iv. CAD\06. Geometry\00. CHV4DGEOMETRY\24. CHV4DPOINTCURVE">
      <UniqueIdentifier>{162c9dad-24f2-4928-9499-b72348a35390}</UniqueIdentifier>
    </Filter>
    <Filter Include="iv. CAD\06. Geometry\00. CHV4DGEOMETRY\25. CHV4DPOINTSURFACE">
      <UniqueIdentifier>{8a15d24b-4a40-4d14-b693-21ac7f4a1a5f}</UniqueIdentifier>
    </Filter>
    <Filter Include="iv. CAD\06. Geometry\00. CHV4DGEOMETRY\26. CHV4DSPHERE">
      <UniqueIdentifier>{00f0ee94-a09b-45b0-a6aa-72050763c1af}</UniqueIdentifier>
    </Filter>
    <Filter Include="iv. CAD\06. Geometry\00. CHV4DGEOMETRY\27. CHV4DSPHERICAL">
      <UniqueIdentifier>{36cd124e-fe14-444f-a39d-647b4269759d}</UniqueIdentifier>
    </Filter>
    <Filter Include="iv. CAD\06. Geometry\00. CHV4DGEOMETRY\28. CHV4DPOLARPLANE">
      <UniqueIdentifier>{4a0ccde1-bf74-4aa7-b0f1-83737963ebea}</UniqueIdentifier>
    </Filter>
    <Filter Include="iv. CAD\06. Geometry\00. CHV4DGEOMETRY\29. CHV4DTHREADED">
      <UniqueIdentifier>{ca88e3ec-3ae1-4c4e-991a-7bd1a9064979}</UniqueIdentifier>
    </Filter>
    <Filter Include="iv. CAD\06. Geometry\00. CHV4DGEOMETRY\30. CHV4DTORUS">
      <UniqueIdentifier>{09ecc7ad-c2c8-4275-85de-3bfcd6fd4635}</UniqueIdentifier>
    </Filter>
    <Filter Include="iv. CAD\06. Geometry\00. CHV4DGEOMETRY\31. CHV4DTOROIDIAL">
      <UniqueIdentifier>{95934e1c-66d6-4935-83d8-9883d7de5f4b}</UniqueIdentifier>
    </Filter>
    <Filter Include="iv. CAD\06. Geometry\01. CHV4DPOINTMAP">
      <UniqueIdentifier>{6ff28fb0-0c44-421f-993a-bb8c94f43f15}</UniqueIdentifier>
    </Filter>
    <Filter Include="iv. CAD\06. Geometry\02. CHV4DTEXTMAP">
      <UniqueIdentifier>{b27cd8a4-31c5-4d67-be51-5c46f1faf782}</UniqueIdentifier>
    </Filter>
    <Filter Include="iv. CAD\06. Geometry\03. CHV4DNORMMAP">
      <UniqueIdentifier>{451ace1e-c802-40f2-ba12-9d5215c3fa05}</UniqueIdentifier>
    </Filter>
    <Filter Include="iv. CAD\06. Geometry\04. CHV4DMEASUREMENT">
      <UniqueIdentifier>{f401efaf-6577-44d2-815c-671b1cba8e3d}</UniqueIdentifier>
    </Filter>
    <Filter Include="iv. CAD\07. Material">
      <UniqueIdentifier>{611da110-d55e-42f4-a08d-e2f6d4b34964}</UniqueIdentifier>
    </Filter>
    <Filter Include="iv. CAD\07. Material\00. CHV4DDIVMAP">
      <UniqueIdentifier>{e317f837-9edf-4da8-865a-257c42e5e701}</UniqueIdentifier>
    </Filter>
    <Filter Include="iv. CAD\07. Material\01. CHV4DNORMALMAP">
      <UniqueIdentifier>{c324e67b-558b-46ed-b051-191eadb14f4d}</UniqueIdentifier>
    </Filter>
    <Filter Include="iv. CAD\07. Material\02. CHV4DCOLORMAP">
      <UniqueIdentifier>{eb797e50-9692-4f4a-a96c-40eedb25a9ea}</UniqueIdentifier>
    </Filter>
    <Filter Include="iv. CAD\07. Material\03. CHV4DLIGHTMAP">
      <UniqueIdentifier>{89cb35dd-5678-4f82-bffd-cb5742ccdcff}</UniqueIdentifier>
    </Filter>
    <Filter Include="iv. CAD\07. Material\04. CHV4DBULKMAP">
      <UniqueIdentifier>{505b8b7f-7e8c-4608-be04-201e63ebaa83}</UniqueIdentifier>
    </Filter>
    <Filter Include="iv. CAD\08. Volumetric">
      <UniqueIdentifier>{94425b1c-431f-488c-9234-1afbf8824979}</UniqueIdentifier>
    </Filter>
    <Filter Include="iv. CAD\08. Volumetric\00. CHV4DVOLUMETRIC">
      <UniqueIdentifier>{4085a994-da28-4725-a465-0de899ffd70e}</UniqueIdentifier>
    </Filter>
    <Filter Include="iv. CAD\08. Volumetric\01. CHV4DSURFACING">
      <UniqueIdentifier>{2712bef6-0ca1-4bb2-a2e4-2867a1bfe211}</UniqueIdentifier>
    </Filter>
    <Filter Include="iv. CAD\08. Volumetric\02. CHV4DGENERATOR">
      <UniqueIdentifier>{c16d98c1-f82b-4e63-b2b7-bfe14e2d9101}</UniqueIdentifier>
    </Filter>
    <Filter Include="iv. CAD\08. Volumetric\03. CHV4DFUSION">
      <UniqueIdentifier>{f49ae32d-eb1e-451e-a022-713ae6022180}</UniqueIdentifier>
    </Filter>
    <Filter Include="iv. CAD\09. Physics">
      <UniqueIdentifier>{78a2eb5c-396f-4201-bc52-099360c00d43}</UniqueIdentifier>
    </Filter>
    <Filter Include="iv. CAD\09. Physics\00. CHV4DKINEMATIC">
      <UniqueIdentifier>{1c9f83c7-512a-4c33-9816-017dcc6630c0}</UniqueIdentifier>
    </Filter>
    <Filter Include="iv. CAD\09. Physics\01. CHV4DCONSTRAINT">
      <UniqueIdentifier>{5948e231-a99a-4e81-812a-882e21456aa0}</UniqueIdentifier>
    </Filter>
    <Filter Include="iv. CAD\09. Physics\02. CHV4DFEA">
      <UniqueIdentifier>{5930836c-307f-472b-bf8a-ea6221b82a44}</UniqueIdentifier>
    </Filter>
    <Filter Include="iv. CAD\09. Physics\03. CHV4DCFD">
      <UniqueIdentifier>{dae2bf66-7a5d-4878-8221-bbed89f064a2}</UniqueIdentifier>
    </Filter>
    <Filter Include="iv. CAD\09. Physics\04. CHV4DTRAYCING">
      <UniqueIdentifier>{dcd7f7b7-5e44-41c4-9a79-ea1c6e774428}</UniqueIdentifier>
    </Filter>
    <Filter Include="iv. CAD\10. Modifier">
      <UniqueIdentifier>{0e09feaa-955e-4ecc-991f-916f2be0beaf}</UniqueIdentifier>
    </Filter>
    <Filter Include="iv. CAD\11. VisState">
      <UniqueIdentifier>{2e7b1627-3058-4e01-956a-852b594e75c5}</UniqueIdentifier>
    </Filter>
    <Filter Include="iv. CAD\11. VisState\00. BHV4DKNOWN">
      <UniqueIdentifier>{88e479c8-d6a9-4f0a-a599-c4b701ba43ba}</UniqueIdentifier>
    </Filter>
    <Filter Include="iv. CAD\11. VisState\01. BHV4DOBSERVABLE">
      <UniqueIdentifier>{b8495154-1c8a-4caa-8d58-88920f9d6fb6}</UniqueIdentifier>
    </Filter>
    <Filter Include="iv. CAD\11. VisState\02. BHV4DTERRAIN">
      <UniqueIdentifier>{7804f24d-c5f1-408a-be52-43a2ca708d9c}</UniqueIdentifier>
    </Filter>
    <Filter Include="iv. CAD\11. VisState\03. BHV4DSKYBOX">
      <UniqueIdentifier>{ff9cb423-9a5f-49fd-8089-23a614dff3f8}</UniqueIdentifier>
    </Filter>
    <Filter Include="iv. CAD\11. VisState\07. BHV4DINSTANCED">
      <UniqueIdentifier>{ce60b4c0-9c78-4356-886a-c69c3b0aa239}</UniqueIdentifier>
    </Filter>
    <Filter Include="iv. CAD\11. VisState\08. BHV4DMATERIAL">
      <UniqueIdentifier>{6e5d5521-00c5-4d8a-9f9c-e9bf3e045550}</UniqueIdentifier>
    </Filter>
    <Filter Include="iv. CAD\11. VisState\09. BHV4DEMISSIVE">
      <UniqueIdentifier>{0fe42d4f-b95a-458b-bae6-0f1885217ff5}</UniqueIdentifier>
    </Filter>
    <Filter Include="iv. CAD\11. VisState\10. BHV4DRAYS">
      <UniqueIdentifier>{3ab41114-b3f8-443a-be96-20d235e22b5b}</UniqueIdentifier>
    </Filter>
    <Filter Include="iv. CAD\11. VisState\11. BHV4DOBSERVER">
      <UniqueIdentifier>{db349818-48c0-4247-b539-29e3186577e5}</UniqueIdentifier>
    </Filter>
    <Filter Include="iv. CAD\11. VisState\04. BHV4DSTATICBUF">
      <UniqueIdentifier>{5519ad39-aa71-4e97-9540-7b8d5b497621}</UniqueIdentifier>
    </Filter>
    <Filter Include="iv. CAD\11. VisState\06. BHV4DSOFTBODIES">
      <UniqueIdentifier>{299fad57-2960-4d8c-b7a5-c61cd08342d1}</UniqueIdentifier>
    </Filter>
    <Filter Include="iv. CAD\11. VisState\05. BHV4DDYNBUF">
      <UniqueIdentifier>{c94c4f93-8115-4a62-8258-b50f5dfd8575}</UniqueIdentifier>
    </Filter>
  </ItemGroup>
  <ItemGroup>
    <ClCompile Include="CHV4DCAD.ixx">
      <Filter>i. CHV4DNATIVE</Filter>
    </ClCompile>
    <ClCompile Include="CHV4DFORWARD.ixx">
      <Filter>ii. CHV4DFORWARD</Filter>
    </ClCompile>
    <ClCompile Include="CHV4DRESOURCE.ixx">
      <Filter>iii. CHV4DRESOURCE</Filter>
    </ClCompile>
    <ClCompile Include="CHV4DLIGHTMAP.ixx">
      <Filter>iv. CAD\07. Material\03. CHV4DLIGHTMAP</Filter>
    </ClCompile>
    <ClCompile Include="CHV4DHANDLE.ixx">
      <Filter>iv. CAD\05. Container\02. CHV4DHANDLE</Filter>
    </ClCompile>
    <ClCompile Include="CHV4DCONSTRAINT.ixx">
      <Filter>iv. CAD\09. Physics\01. CHV4DCONSTRAINT</Filter>
    </ClCompile>
    <ClCompile Include="CHV4DWORLDTREE.ixx">
      <Filter>iv. CAD\05. Container\00. CHV4DWORLDTREE</Filter>
    </ClCompile>
    <ClCompile Include="CHV4DHANDLE.cpp">
      <Filter>iv. CAD\05. Container\02. CHV4DHANDLE</Filter>
    </ClCompile>
    <ClCompile Include="CHV4DLIGHTMAP.cpp">
      <Filter>iv. CAD\07. Material\03. CHV4DLIGHTMAP</Filter>
    </ClCompile>
    <ClCompile Include="CHV4DCONSTRAINT.cpp">
      <Filter>iv. CAD\09. Physics\01. CHV4DCONSTRAINT</Filter>
    </ClCompile>
    <ClCompile Include="CHV4DWORLDTREE.cpp">
      <Filter>iv. CAD\05. Container\00. CHV4DWORLDTREE</Filter>
    </ClCompile>
    <ClCompile Include="CHV4DTEXTMAP.cpp">
      <Filter>iv. CAD\06. Geometry\02. CHV4DTEXTMAP</Filter>
    </ClCompile>
    <ClCompile Include="CHV4DBULKMAP.cpp">
      <Filter>iv. CAD\07. Material\04. CHV4DBULKMAP</Filter>
    </ClCompile>
    <ClCompile Include="CHV4DTEXTMAP.ixx">
      <Filter>iv. CAD\06. Geometry\02. CHV4DTEXTMAP</Filter>
    </ClCompile>
    <ClCompile Include="CHV4DBULKMAP.ixx">
      <Filter>iv. CAD\07. Material\04. CHV4DBULKMAP</Filter>
    </ClCompile>
    <ClCompile Include="CHV4DCFD.ixx">
      <Filter>iv. CAD\09. Physics\03. CHV4DCFD</Filter>
    </ClCompile>
    <ClCompile Include="CHV4DCFD.cpp">
      <Filter>iv. CAD\09. Physics\03. CHV4DCFD</Filter>
    </ClCompile>
    <ClCompile Include="CHV4DFEA.cpp">
      <Filter>iv. CAD\09. Physics\02. CHV4DFEA</Filter>
    </ClCompile>
    <ClCompile Include="CHV4DFEA.ixx">
      <Filter>iv. CAD\09. Physics\02. CHV4DFEA</Filter>
    </ClCompile>
    <ClCompile Include="CHV4DKINEMATIC.ixx">
      <Filter>iv. CAD\09. Physics\00. CHV4DKINEMATIC</Filter>
    </ClCompile>
    <ClCompile Include="CHV4DKINEMATIC.cpp">
      <Filter>iv. CAD\09. Physics\00. CHV4DKINEMATIC</Filter>
    </ClCompile>
    <ClCompile Include="CHV4DDIVMAP.cpp">
      <Filter>iv. CAD\07. Material\00. CHV4DDIVMAP</Filter>
    </ClCompile>
    <ClCompile Include="CHV4DDIVMAP.ixx">
      <Filter>iv. CAD\07. Material\00. CHV4DDIVMAP</Filter>
    </ClCompile>
    <ClCompile Include="CHV4DGROUP.cpp">
      <Filter>iv. CAD\05. Container\01. CHV4DGROUP</Filter>
    </ClCompile>
    <ClCompile Include="CHV4DGROUP.ixx">
      <Filter>iv. CAD\05. Container\01. CHV4DGROUP</Filter>
    </ClCompile>
    <ClCompile Include="CHV4DCOLORMAP.ixx">
      <Filter>iv. CAD\07. Material\02. CHV4DCOLORMAP</Filter>
    </ClCompile>
    <ClCompile Include="CHV4DCOLORMAP.cpp">
      <Filter>iv. CAD\07. Material\02. CHV4DCOLORMAP</Filter>
    </ClCompile>
    <ClCompile Include="CHV4DPOINTMAP.cpp">
      <Filter>iv. CAD\06. Geometry\01. CHV4DPOINTMAP</Filter>
    </ClCompile>
    <ClCompile Include="CHV4DPOINTMAP.ixx">
      <Filter>iv. CAD\06. Geometry\01. CHV4DPOINTMAP</Filter>
    </ClCompile>
    <ClCompile Include="CHV4DNORMALMAP.ixx">
      <Filter>iv. CAD\07. Material\01. CHV4DNORMALMAP</Filter>
    </ClCompile>
    <ClCompile Include="CHV4DNORMALMAP.cpp">
      <Filter>iv. CAD\07. Material\01. CHV4DNORMALMAP</Filter>
    </ClCompile>
    <ClCompile Include="CHV4DNORMMAP.cpp">
      <Filter>iv. CAD\06. Geometry\03. CHV4DNORMMAP</Filter>
    </ClCompile>
    <ClCompile Include="CHV4DNORMMAP.ixx">
      <Filter>iv. CAD\06. Geometry\03. CHV4DNORMMAP</Filter>
    </ClCompile>
    <ClCompile Include="CHV4DCIRCLE.ixx">
      <Filter>iv. CAD\06. Geometry\00. CHV4DGEOMETRY\0. CHV4DCIRCLE</Filter>
    </ClCompile>
    <ClCompile Include="CHV4DCIRCLE.cpp">
      <Filter>iv. CAD\06. Geometry\00. CHV4DGEOMETRY\0. CHV4DCIRCLE</Filter>
    </ClCompile>
    <ClCompile Include="CHV4DGEOMETRY.ixx">
      <Filter>iv. CAD\06. Geometry</Filter>
    </ClCompile>
    <ClCompile Include="CHV4DKERNEL.ixx">
      <Filter>iv. CAD\01. Kernel</Filter>
    </ClCompile>
    <ClCompile Include="CHV4DKERNEL.cpp">
      <Filter>iv. CAD\01. Kernel</Filter>
    </ClCompile>
    <ClCompile Include="CHV4DMASTER.cpp">
      <Filter>iv. CAD\02. Master</Filter>
    </ClCompile>
    <ClCompile Include="CHV4DMASTER.ixx">
      <Filter>iv. CAD\02. Master</Filter>
    </ClCompile>
    <ClCompile Include="CHV4DMATERIAL.cpp">
      <Filter>iv. CAD\07. Material</Filter>
    </ClCompile>
    <ClCompile Include="CHV4DMATERIAL.ixx">
      <Filter>iv. CAD\07. Material</Filter>
    </ClCompile>
    <ClCompile Include="CHV4DINTERCHANGE.ixx">
      <Filter>iv. CAD\03. Interchange</Filter>
    </ClCompile>
    <ClCompile Include="CHV4DINTERCHANGE.cpp">
      <Filter>iv. CAD\03. Interchange</Filter>
    </ClCompile>
    <ClCompile Include="CHV4DCATALOG.cpp">
      <Filter>iv. CAD\04. Catalog</Filter>
    </ClCompile>
    <ClCompile Include="CHV4DCATALOG.ixx">
      <Filter>iv. CAD\04. Catalog</Filter>
    </ClCompile>
    <ClCompile Include="CHV4DCONTAINER.ixx">
      <Filter>iv. CAD\05. Container</Filter>
    </ClCompile>
    <ClCompile Include="CHV4DCONTAINER.cpp">
      <Filter>iv. CAD\05. Container</Filter>
    </ClCompile>
    <ClCompile Include="CHV4DMEASUREMENT.cpp">
      <Filter>iv. CAD\06. Geometry\04. CHV4DMEASUREMENT</Filter>
    </ClCompile>
    <ClCompile Include="CHV4DMEASUREMENT.ixx">
      <Filter>iv. CAD\06. Geometry\04. CHV4DMEASUREMENT</Filter>
    </ClCompile>
    <ClCompile Include="CHV4DGEOMETRY.cpp">
      <Filter>iv. CAD\06. Geometry</Filter>
    </ClCompile>
    <ClCompile Include="CHV4DVOLUMETRIC.cpp">
      <Filter>iv. CAD\08. Volumetric\00. CHV4DVOLUMETRIC</Filter>
    </ClCompile>
    <ClCompile Include="CHV4DVOLUMETRIC.ixx">
      <Filter>iv. CAD\08. Volumetric\00. CHV4DVOLUMETRIC</Filter>
    </ClCompile>
    <ClCompile Include="CHV4DSURFACING.ixx">
      <Filter>iv. CAD\08. Volumetric\01. CHV4DSURFACING</Filter>
    </ClCompile>
    <ClCompile Include="CHV4DSURFACING.cpp">
      <Filter>iv. CAD\08. Volumetric\01. CHV4DSURFACING</Filter>
    </ClCompile>
    <ClCompile Include="CHV4DGENERATOR.cpp">
      <Filter>iv. CAD\08. Volumetric\02. CHV4DGENERATOR</Filter>
    </ClCompile>
    <ClCompile Include="CHV4DGENERATOR.ixx">
      <Filter>iv. CAD\08. Volumetric\02. CHV4DGENERATOR</Filter>
    </ClCompile>
    <ClCompile Include="CHV4DFUSION.ixx">
      <Filter>iv. CAD\08. Volumetric\03. CHV4DFUSION</Filter>
    </ClCompile>
    <ClCompile Include="CHV4DFUSION.cpp">
      <Filter>iv. CAD\08. Volumetric\03. CHV4DFUSION</Filter>
    </ClCompile>
    <ClCompile Include="CHV4DPHYSICS.cpp">
      <Filter>iv. CAD\09. Physics</Filter>
    </ClCompile>
    <ClCompile Include="CHV4DPHYSICS.ixx">
      <Filter>iv. CAD\09. Physics</Filter>
    </ClCompile>
    <ClCompile Include="CHV4DTRAYCING.ixx">
      <Filter>iv. CAD\09. Physics\04. CHV4DTRAYCING</Filter>
    </ClCompile>
    <ClCompile Include="CHV4DTRAYCING.cpp">
      <Filter>iv. CAD\09. Physics\04. CHV4DTRAYCING</Filter>
    </ClCompile>
    <ClCompile Include="CHV4DMODIFIER.cpp">
      <Filter>iv. CAD\10. Modifier</Filter>
    </ClCompile>
    <ClCompile Include="CHV4DMODIFIER.ixx">
      <Filter>iv. CAD\10. Modifier</Filter>
    </ClCompile>
    <ClCompile Include="CHV4DVISSTATE.ixx">
      <Filter>iv. CAD\11. VisState</Filter>
    </ClCompile>
    <ClCompile Include="CHV4DVISSTATE.cpp">
      <Filter>iv. CAD\11. VisState</Filter>
    </ClCompile>
    <ClCompile Include="BHV4DKNOWN.ixx">
      <Filter>iv. CAD\11. VisState\00. BHV4DKNOWN</Filter>
    </ClCompile>
    <ClCompile Include="BHV4DKNOWN.cpp">
      <Filter>iv. CAD\11. VisState\00. BHV4DKNOWN</Filter>
    </ClCompile>
    <ClCompile Include="BHV4DOBSERVABLE.cpp">
      <Filter>iv. CAD\11. VisState\01. BHV4DOBSERVABLE</Filter>
    </ClCompile>
    <ClCompile Include="BHV4DOBSERVABLE.ixx">
      <Filter>iv. CAD\11. VisState\01. BHV4DOBSERVABLE</Filter>
    </ClCompile>
    <ClCompile Include="BHV4DTERRAIN.ixx">
      <Filter>iv. CAD\11. VisState\02. BHV4DTERRAIN</Filter>
    </ClCompile>
    <ClCompile Include="BHV4DTERRAIN.cpp">
      <Filter>iv. CAD\11. VisState\02. BHV4DTERRAIN</Filter>
    </ClCompile>
    <ClCompile Include="BHV4DSKYBOX.cpp">
      <Filter>iv. CAD\11. VisState\03. BHV4DSKYBOX</Filter>
    </ClCompile>
    <ClCompile Include="BHV4DSKYBOX.ixx">
      <Filter>iv. CAD\11. VisState\03. BHV4DSKYBOX</Filter>
    </ClCompile>
    <ClCompile Include="BHV4DSTATICBUF.ixx">
      <Filter>iv. CAD\11. VisState\04. BHV4DSTATICBUF</Filter>
    </ClCompile>
    <ClCompile Include="BHV4DSTATICBUF.cpp">
      <Filter>iv. CAD\11. VisState\04. BHV4DSTATICBUF</Filter>
    </ClCompile>
    <ClCompile Include="BHV4DSOFTBODIES.cpp">
      <Filter>iv. CAD\11. VisState\06. BHV4DSOFTBODIES</Filter>
    </ClCompile>
    <ClCompile Include="BHV4DSOFTBODIES.ixx">
      <Filter>iv. CAD\11. VisState\06. BHV4DSOFTBODIES</Filter>
    </ClCompile>
    <ClCompile Include="BHV4DDYNBUF.ixx">
      <Filter>iv. CAD\11. VisState\05. BHV4DDYNBUF</Filter>
    </ClCompile>
    <ClCompile Include="BHV4DDYNBUF.cpp">
      <Filter>iv. CAD\11. VisState\05. BHV4DDYNBUF</Filter>
    </ClCompile>
    <ClCompile Include="BHV4DINSTANCED.cpp">
      <Filter>iv. CAD\11. VisState\07. BHV4DINSTANCED</Filter>
    </ClCompile>
    <ClCompile Include="BHV4DINSTANCED.ixx">
      <Filter>iv. CAD\11. VisState\07. BHV4DINSTANCED</Filter>
    </ClCompile>
    <ClCompile Include="BHV4DMATERIAL.ixx">
      <Filter>iv. CAD\11. VisState\08. BHV4DMATERIAL</Filter>
    </ClCompile>
    <ClCompile Include="BHV4DMATERIAL.cpp">
      <Filter>iv. CAD\11. VisState\08. BHV4DMATERIAL</Filter>
    </ClCompile>
    <ClCompile Include="BHV4DEMISSIVE.cpp">
      <Filter>iv. CAD\11. VisState\09. BHV4DEMISSIVE</Filter>
    </ClCompile>
    <ClCompile Include="BHV4DEMISSIVE.ixx">
      <Filter>iv. CAD\11. VisState\09. BHV4DEMISSIVE</Filter>
    </ClCompile>
    <ClCompile Include="BHV4DRAYS.ixx">
      <Filter>iv. CAD\11. VisState\10. BHV4DRAYS</Filter>
    </ClCompile>
    <ClCompile Include="BHV4DRAYS.cpp">
      <Filter>iv. CAD\11. VisState\10. BHV4DRAYS</Filter>
    </ClCompile>
    <ClCompile Include="BHV4DOBSERVER.cpp">
      <Filter>iv. CAD\11. VisState\11. BHV4DOBSERVER</Filter>
    </ClCompile>
    <ClCompile Include="BHV4DOBSERVER.ixx">
      <Filter>iv. CAD\11. VisState\11. BHV4DOBSERVER</Filter>
    </ClCompile>
    <ClCompile Include="Source.cpp">
      <Filter>iii. CHV4DRESOURCE</Filter>
    </ClCompile>
  </ItemGroup>
</Project>