<?xml version="1.0" encoding="utf-8"?>
<Project ToolsVersion="4.0" xmlns="http://schemas.microsoft.com/developer/msbuild/2003">
  <ItemGroup>
    <ClCompile Include="CHV4DTENSOR.ixx">
      <Filter>i. CHV4DTENSOR</Filter>
    </ClCompile>
    <ClCompile Include="CHV4DFORWARD.ixx">
      <Filter>ii. CHV4DFORWARD</Filter>
    </ClCompile>
    <ClCompile Include="CHV4DRESOURCE.ixx">
      <Filter>iii. CHV4DRESOURCE</Filter>
    </ClCompile>
    <ClCompile Include="CHV4DSINGLE.ixx">
      <Filter>iv. CHV4DNUMBER\3. CHV4DSINGLE</Filter>
    </ClCompile>
    <ClCompile Include="CHV4DALGEBRA.ixx">
      <Filter>v. CHV4DALGEBRA\2. CHV4DALGEBRA</Filter>
    </ClCompile>
    <ClCompile Include="CHV4DTRIG.ixx">
      <Filter>v. CHV4DALGEBRA\1. CHV4DTRIG</Filter>
    </ClCompile>
    <ClCompile Include="CHV4DTRANSFORM.ixx">
      <Filter>vi. CHV4DMATRIX\1. CHV4DTRANSFORM</Filter>
    </ClCompile>
    <ClCompile Include="CHV4DMATRIX.ixx">
      <Filter>vi. CHV4DMATRIX\0. CHV4DMATRIX</Filter>
    </ClCompile>
    <ClCompile Include="CHV4DINTEGER.ixx">
      <Filter>iv. CHV4DNUMBER\2. CHV4DINTEGER</Filter>
    </ClCompile>
    <ClCompile Include="CHV4DARITHMETIC.ixx">
      <Filter>v. CHV4DALGEBRA\0. CHV4DARITMETIC</Filter>
    </ClCompile>
    <ClCompile Include="CHV4DDOUBLE.ixx">
      <Filter>iv. CHV4DNUMBER\4. CHV4DDOUBLE</Filter>
    </ClCompile>
    <ClCompile Include="CHV4DLDOUBLE.ixx">
      <Filter>iv. CHV4DNUMBER\5. CHV4DLDOUBLE</Filter>
    </ClCompile>
    <ClCompile Include="CHV4DBYTE.ixx">
      <Filter>iv. CHV4DNUMBER\0. CHV4DBYTE</Filter>
    </ClCompile>
    <ClCompile Include="CHV4DSIMD.ixx">
      <Filter>iv. CHV4DNUMBER\1. CHV4DSIMD</Filter>
    </ClCompile>
  </ItemGroup>
  <ItemGroup>
    <Filter Include="i. CHV4DTENSOR">
      <UniqueIdentifier>{b03939f0-dc89-4aaf-852f-95e058b5c81e}</UniqueIdentifier>
    </Filter>
    <Filter Include="ii. CHV4DFORWARD">
      <UniqueIdentifier>{9523801d-c730-48bc-abf5-637017ce8ed1}</UniqueIdentifier>
    </Filter>
    <Filter Include="iii. CHV4DRESOURCE">
      <UniqueIdentifier>{2233fe0d-7807-42c3-a62d-584164305080}</UniqueIdentifier>
    </Filter>
    <Filter Include="v. CHV4DALGEBRA">
      <UniqueIdentifier>{7623b348-03ea-4b3c-9135-b1ffe28024ec}</UniqueIdentifier>
    </Filter>
    <Filter Include="vi. CHV4DMATRIX">
      <UniqueIdentifier>{5c035a8c-8b9f-49ab-bba8-d291b480567f}</UniqueIdentifier>
    </Filter>
    <Filter Include="vi. CHV4DMATRIX\1. CHV4DTRANSFORM">
      <UniqueIdentifier>{5c2388eb-c654-4913-8922-d795773953e7}</UniqueIdentifier>
    </Filter>
    <Filter Include="vi. CHV4DMATRIX\0. CHV4DMATRIX">
      <UniqueIdentifier>{46196e2b-aff7-456e-8e91-e15be5c2cadb}</UniqueIdentifier>
    </Filter>
    <Filter Include="iv. CHV4DNUMBER">
      <UniqueIdentifier>{d98eb702-42dc-480e-81a1-146579473b0b}</UniqueIdentifier>
    </Filter>
    <Filter Include="v. CHV4DALGEBRA\0. CHV4DARITMETIC">
      <UniqueIdentifier>{08d73b7f-61b2-4fa2-89eb-6f0c3e694237}</UniqueIdentifier>
    </Filter>
    <Filter Include="v. CHV4DALGEBRA\1. CHV4DTRIG">
      <UniqueIdentifier>{ba4437bc-6420-4854-aead-11569f0e9da9}</UniqueIdentifier>
    </Filter>
    <Filter Include="v. CHV4DALGEBRA\2. CHV4DALGEBRA">
      <UniqueIdentifier>{f5e70684-74f7-4063-ba0b-7a0d7d7cf570}</UniqueIdentifier>
    </Filter>
    <Filter Include="iv. CHV4DNUMBER\0. CHV4DBYTE">
      <UniqueIdentifier>{55064bf9-ae29-4787-a060-02eb746fde38}</UniqueIdentifier>
    </Filter>
    <Filter Include="iv. CHV4DNUMBER\5. CHV4DLDOUBLE">
      <UniqueIdentifier>{4ec95740-5945-4dd8-95d2-9737a8123a7e}</UniqueIdentifier>
    </Filter>
    <Filter Include="iv. CHV4DNUMBER\4. CHV4DDOUBLE">
      <UniqueIdentifier>{221bc5c5-63f4-47ae-96bc-349cdefac32b}</UniqueIdentifier>
    </Filter>
    <Filter Include="iv. CHV4DNUMBER\3. CHV4DSINGLE">
      <UniqueIdentifier>{b313d6a4-24af-437b-a113-f906c345f3c6}</UniqueIdentifier>
    </Filter>
    <Filter Include="iv. CHV4DNUMBER\2. CHV4DINTEGER">
      <UniqueIdentifier>{95990428-d43b-4326-b156-d1db0437e5ec}</UniqueIdentifier>
    </Filter>
    <Filter Include="iv. CHV4DNUMBER\1. CHV4DSIMD">
      <UniqueIdentifier>{1583ac4b-849c-4731-ba49-d91d1427df65}</UniqueIdentifier>
    </Filter>
  </ItemGroup>
</Project>