<?xml version="1.0" encoding="utf-8"?>
<Project ToolsVersion="4.0" xmlns="http://schemas.microsoft.com/developer/msbuild/2003">
  <ItemGroup>
    <Filter Include="i. CHV4DOBJ">
      <UniqueIdentifier>{c6ff3755-9b04-4d21-a01b-21927b4c2a63}</UniqueIdentifier>
    </Filter>
    <Filter Include="ii. CHV4DFORWARD">
      <UniqueIdentifier>{331694a5-63f1-40d2-884d-e0478ab600e6}</UniqueIdentifier>
    </Filter>
    <Filter Include="iii. CHV4DRESOURCE">
      <UniqueIdentifier>{11740e28-bd1b-4f3e-ace4-9573d76f37fe}</UniqueIdentifier>
    </Filter>
    <Filter Include="iv. WaveObj">
      <UniqueIdentifier>{e57fbb1e-226c-4c3d-b47b-2f4cdf6e3bec}</UniqueIdentifier>
    </Filter>
    <Filter Include="iv. WaveObj\01. Object Decoder">
      <UniqueIdentifier>{3e657664-1a49-49f6-b259-68934b65fa8e}</UniqueIdentifier>
    </Filter>
    <Filter Include="iv. WaveObj\02. Object Encoder">
      <UniqueIdentifier>{06b6321e-034f-4f90-9188-050d5d12dc1f}</UniqueIdentifier>
    </Filter>
  </ItemGroup>
  <ItemGroup>
    <ClCompile Include="ObjDecoder.ixx">
      <Filter>iv. WaveObj\01. Object Decoder</Filter>
    </ClCompile>
    <ClCompile Include="ObjDecoder.cpp">
      <Filter>iv. WaveObj\01. Object Decoder</Filter>
    </ClCompile>
  </ItemGroup>
</Project>