<?xml version="1.0" encoding="utf-8"?>
<Project ToolsVersion="4.0" xmlns="http://schemas.microsoft.com/developer/msbuild/2003">
  <ItemGroup>
    <Filter Include="i. CHV4DBASE">
      <UniqueIdentifier>{93995380-89BD-4b04-88EB-625FBE52EBFB}</UniqueIdentifier>
      <Extensions>h;hh;hpp;hxx;h++;hm;inl;inc;ipp;xsd</Extensions>
    </Filter>
    <Filter Include="ii. CHV4DFORWARD">
      <UniqueIdentifier>{67DA6AB6-F800-4c08-8B7A-83BB121AAD01}</UniqueIdentifier>
      <Extensions>rc;ico;cur;bmp;dlg;rc2;rct;bin;rgs;gif;jpg;jpeg;jpe;resx;tiff;tif;png;wav;mfcribbon-ms</Extensions>
    </Filter>
    <Filter Include="iii. CHV4DRESOURCE">
      <UniqueIdentifier>{501cc2f5-20a5-4f59-8ab5-51139f27d8d7}</UniqueIdentifier>
    </Filter>
  </ItemGroup>
  <ItemGroup>
    <ClCompile Include="CHV4DBASE.ixx">
      <Filter>i. CHV4DBASE</Filter>
    </ClCompile>
    <ClCompile Include="CHV4DFORWARD.ixx">
      <Filter>ii. CHV4DFORWARD</Filter>
    </ClCompile>
    <ClCompile Include="CHV4DRESOURCE.ixx">
      <Filter>iii. CHV4DRESOURCE</Filter>
    </ClCompile>
  </ItemGroup>
</Project>